// !$*UTF8*$!
{
	archiveVersion = 1;
	classes = {
	};
	objectVersion = 46;
	objects = {

/* Begin PBXBuildFile section */
		494902561B4DF11800FD679D /* AppDelegate.swift in Sources */ = {isa = PBXBuildFile; fileRef = 494902551B4DF11800FD679D /* AppDelegate.swift */; };
		494902581B4DF11800FD679D /* ViewController.swift in Sources */ = {isa = PBXBuildFile; fileRef = 494902571B4DF11800FD679D /* ViewController.swift */; };
		4949025B1B4DF11800FD679D /* Main.storyboard in Resources */ = {isa = PBXBuildFile; fileRef = 494902591B4DF11800FD679D /* Main.storyboard */; };
		4949025D1B4DF11800FD679D /* Images.xcassets in Resources */ = {isa = PBXBuildFile; fileRef = 4949025C1B4DF11800FD679D /* Images.xcassets */; };
		494902601B4DF11800FD679D /* LaunchScreen.xib in Resources */ = {isa = PBXBuildFile; fileRef = 4949025E1B4DF11800FD679D /* LaunchScreen.xib */; };
		4949026C1B4DF11800FD679D /* PostcardTests.swift in Sources */ = {isa = PBXBuildFile; fileRef = 4949026B1B4DF11800FD679D /* PostcardTests.swift */; };
		494902761B4DF98D00FD679D /* SagradaFamilia.jpeg in Resources */ = {isa = PBXBuildFile; fileRef = 494902751B4DF98D00FD679D /* SagradaFamilia.jpeg */; };
		494902781B4DFEBA00FD679D /* AlbertEinsteinStamp.jpg in Resources */ = {isa = PBXBuildFile; fileRef = 494902771B4DFEBA00FD679D /* AlbertEinsteinStamp.jpg */; };
/* End PBXBuildFile section */

/* Begin PBXContainerItemProxy section */
		494902661B4DF11800FD679D /* PBXContainerItemProxy */ = {
			isa = PBXContainerItemProxy;
			containerPortal = 494902481B4DF11700FD679D /* Project object */;
			proxyType = 1;
			remoteGlobalIDString = 4949024F1B4DF11800FD679D;
			remoteInfo = Postcard;
		};
/* End PBXContainerItemProxy section */

/* Begin PBXFileReference section */
		494902501B4DF11800FD679D /* Postcard.app */ = {isa = PBXFileReference; explicitFileType = wrapper.application; includeInIndex = 0; path = Postcard.app; sourceTree = BUILT_PRODUCTS_DIR; };
		494902541B4DF11800FD679D /* Info.plist */ = {isa = PBXFileReference; lastKnownFileType = text.plist.xml; path = Info.plist; sourceTree = "<group>"; };
		494902551B4DF11800FD679D /* AppDelegate.swift */ = {isa = PBXFileReference; lastKnownFileType = sourcecode.swift; path = AppDelegate.swift; sourceTree = "<group>"; };
		494902571B4DF11800FD679D /* ViewController.swift */ = {isa = PBXFileReference; lastKnownFileType = sourcecode.swift; path = ViewController.swift; sourceTree = "<group>"; };
		4949025A1B4DF11800FD679D /* Base */ = {isa = PBXFileReference; lastKnownFileType = file.storyboard; name = Base; path = Base.lproj/Main.storyboard; sourceTree = "<group>"; };
		4949025C1B4DF11800FD679D /* Images.xcassets */ = {isa = PBXFileReference; lastKnownFileType = folder.assetcatalog; path = Images.xcassets; sourceTree = "<group>"; };
		4949025F1B4DF11800FD679D /* Base */ = {isa = PBXFileReference; lastKnownFileType = file.xib; name = Base; path = Base.lproj/LaunchScreen.xib; sourceTree = "<group>"; };
		494902651B4DF11800FD679D /* PostcardTests.xctest */ = {isa = PBXFileReference; explicitFileType = wrapper.cfbundle; includeInIndex = 0; path = PostcardTests.xctest; sourceTree = BUILT_PRODUCTS_DIR; };
		4949026A1B4DF11800FD679D /* Info.plist */ = {isa = PBXFileReference; lastKnownFileType = text.plist.xml; path = Info.plist; sourceTree = "<group>"; };
		4949026B1B4DF11800FD679D /* PostcardTests.swift */ = {isa = PBXFileReference; lastKnownFileType = sourcecode.swift; path = PostcardTests.swift; sourceTree = "<group>"; };
		494902751B4DF98D00FD679D /* SagradaFamilia.jpeg */ = {isa = PBXFileReference; lastKnownFileType = image.jpeg; path = SagradaFamilia.jpeg; sourceTree = "<group>"; };
		494902771B4DFEBA00FD679D /* AlbertEinsteinStamp.jpg */ = {isa = PBXFileReference; lastKnownFileType = image.jpeg; path = AlbertEinsteinStamp.jpg; sourceTree = "<group>"; };
/* End PBXFileReference section */

/* Begin PBXFrameworksBuildPhase section */
		4949024D1B4DF11800FD679D /* Frameworks */ = {
			isa = PBXFrameworksBuildPhase;
			buildActionMask = 2147483647;
			files = (
			);
			runOnlyForDeploymentPostprocessing = 0;
		};
		494902621B4DF11800FD679D /* Frameworks */ = {
			isa = PBXFrameworksBuildPhase;
			buildActionMask = 2147483647;
			files = (
			);
			runOnlyForDeploymentPostprocessing = 0;
		};
/* End PBXFrameworksBuildPhase section */

/* Begin PBXGroup section */
		494902471B4DF11700FD679D = {
			isa = PBXGroup;
			children = (
				494902521B4DF11800FD679D /* Postcard */,
				494902681B4DF11800FD679D /* PostcardTests */,
				494902511B4DF11800FD679D /* Products */,
			);
			sourceTree = "<group>";
		};
		494902511B4DF11800FD679D /* Products */ = {
			isa = PBXGroup;
			children = (
				494902501B4DF11800FD679D /* Postcard.app */,
				494902651B4DF11800FD679D /* PostcardTests.xctest */,
			);
			name = Products;
			sourceTree = "<group>";
		};
		494902521B4DF11800FD679D /* Postcard */ = {
			isa = PBXGroup;
			children = (
				494902551B4DF11800FD679D /* AppDelegate.swift */,
				494902571B4DF11800FD679D /* ViewController.swift */,
				494902591B4DF11800FD679D /* Main.storyboard */,
				4949025C1B4DF11800FD679D /* Images.xcassets */,
				4949025E1B4DF11800FD679D /* LaunchScreen.xib */,
				494902531B4DF11800FD679D /* Supporting Files */,
			);
			path = Postcard;
			sourceTree = "<group>";
		};
		494902531B4DF11800FD679D /* Supporting Files */ = {
			isa = PBXGroup;
			children = (
				494902771B4DFEBA00FD679D /* AlbertEinsteinStamp.jpg */,
				494902751B4DF98D00FD679D /* SagradaFamilia.jpeg */,
				494902541B4DF11800FD679D /* Info.plist */,
			);
			name = "Supporting Files";
			sourceTree = "<group>";
		};
		494902681B4DF11800FD679D /* PostcardTests */ = {
			isa = PBXGroup;
			children = (
				4949026B1B4DF11800FD679D /* PostcardTests.swift */,
				494902691B4DF11800FD679D /* Supporting Files */,
			);
			path = PostcardTests;
			sourceTree = "<group>";
		};
		494902691B4DF11800FD679D /* Supporting Files */ = {
			isa = PBXGroup;
			children = (
				4949026A1B4DF11800FD679D /* Info.plist */,
			);
			name = "Supporting Files";
			sourceTree = "<group>";
		};
/* End PBXGroup section */

/* Begin PBXNativeTarget section */
		4949024F1B4DF11800FD679D /* Postcard */ = {
			isa = PBXNativeTarget;
			buildConfigurationList = 4949026F1B4DF11800FD679D /* Build configuration list for PBXNativeTarget "Postcard" */;
			buildPhases = (
				4949024C1B4DF11800FD679D /* Sources */,
				4949024D1B4DF11800FD679D /* Frameworks */,
				4949024E1B4DF11800FD679D /* Resources */,
			);
			buildRules = (
			);
			dependencies = (
			);
			name = Postcard;
			productName = Postcard;
			productReference = 494902501B4DF11800FD679D /* Postcard.app */;
			productType = "com.apple.product-type.application";
		};
		494902641B4DF11800FD679D /* PostcardTests */ = {
			isa = PBXNativeTarget;
			buildConfigurationList = 494902721B4DF11800FD679D /* Build configuration list for PBXNativeTarget "PostcardTests" */;
			buildPhases = (
				494902611B4DF11800FD679D /* Sources */,
				494902621B4DF11800FD679D /* Frameworks */,
				494902631B4DF11800FD679D /* Resources */,
			);
			buildRules = (
			);
			dependencies = (
				494902671B4DF11800FD679D /* PBXTargetDependency */,
			);
			name = PostcardTests;
			productName = PostcardTests;
			productReference = 494902651B4DF11800FD679D /* PostcardTests.xctest */;
			productType = "com.apple.product-type.bundle.unit-test";
		};
/* End PBXNativeTarget section */

/* Begin PBXProject section */
		494902481B4DF11700FD679D /* Project object */ = {
			isa = PBXProject;
			attributes = {
				LastUpgradeCheck = 0630;
				ORGANIZATIONNAME = "Lauryn Piemonte";
				TargetAttributes = {
					4949024F1B4DF11800FD679D = {
						CreatedOnToolsVersion = 6.3.2;
					};
					494902641B4DF11800FD679D = {
						CreatedOnToolsVersion = 6.3.2;
						TestTargetID = 4949024F1B4DF11800FD679D;
					};
				};
			};
			buildConfigurationList = 4949024B1B4DF11700FD679D /* Build configuration list for PBXProject "Postcard" */;
			compatibilityVersion = "Xcode 3.2";
			developmentRegion = English;
			hasScannedForEncodings = 0;
			knownRegions = (
				en,
				Base,
			);
			mainGroup = 494902471B4DF11700FD679D;
			productRefGroup = 494902511B4DF11800FD679D /* Products */;
			projectDirPath = "";
			projectRoot = "";
			targets = (
				4949024F1B4DF11800FD679D /* Postcard */,
				494902641B4DF11800FD679D /* PostcardTests */,
			);
		};
/* End PBXProject section */

/* Begin PBXResourcesBuildPhase section */
		4949024E1B4DF11800FD679D /* Resources */ = {
			isa = PBXResourcesBuildPhase;
			buildActionMask = 2147483647;
			files = (
				4949025B1B4DF11800FD679D /* Main.storyboard in Resources */,
				494902761B4DF98D00FD679D /* SagradaFamilia.jpeg in Resources */,
				494902781B4DFEBA00FD679D /* AlbertEinsteinStamp.jpg in Resources */,
				494902601B4DF11800FD679D /* LaunchScreen.xib in Resources */,
				4949025D1B4DF11800FD679D /* Images.xcassets in Resources */,
			);
			runOnlyForDeploymentPostprocessing = 0;
		};
		494902631B4DF11800FD679D /* Resources */ = {
			isa = PBXResourcesBuildPhase;
			buildActionMask = 2147483647;
			files = (
			);
			runOnlyForDeploymentPostprocessing = 0;
		};
/* End PBXResourcesBuildPhase section */

/* Begin PBXSourcesBuildPhase section */
		4949024C1B4DF11800FD679D /* Sources */ = {
			isa = PBXSourcesBuildPhase;
			buildActionMask = 2147483647;
			files = (
				494902581B4DF11800FD679D /* ViewController.swift in Sources */,
				494902561B4DF11800FD679D /* AppDelegate.swift in Sources */,
			);
			runOnlyForDeploymentPostprocessing = 0;
		};
		494902611B4DF11800FD679D /* Sources */ = {
			isa = PBXSourcesBuildPhase;
			buildActionMask = 2147483647;
			files = (
				4949026C1B4DF11800FD679D /* PostcardTests.swift in Sources */,
			);
			runOnlyForDeploymentPostprocessing = 0;
		};
/* End PBXSourcesBuildPhase section */

/* Begin PBXTargetDependency section */
		494902671B4DF11800FD679D /* PBXTargetDependency */ = {
			isa = PBXTargetDependency;
			target = 4949024F1B4DF11800FD679D /* Postcard */;
			targetProxy = 494902661B4DF11800FD679D /* PBXContainerItemProxy */;
		};
/* End PBXTargetDependency section */

/* Begin PBXVariantGroup section */
		494902591B4DF11800FD679D /* Main.storyboard */ = {
			isa = PBXVariantGroup;
			children = (
				4949025A1B4DF11800FD679D /* Base */,
			);
			name = Main.storyboard;
			sourceTree = "<group>";
		};
		4949025E1B4DF11800FD679D /* LaunchScreen.xib */ = {
			isa = PBXVariantGroup;
			children = (
				4949025F1B4DF11800FD679D /* Base */,
			);
			name = LaunchScreen.xib;
			sourceTree = "<group>";
		};
/* End PBXVariantGroup section */

/* Begin XCBuildConfiguration section */
		4949026D1B4DF11800FD679D /* Debug */ = {
			isa = XCBuildConfiguration;
			buildSettings = {
				ALWAYS_SEARCH_USER_PATHS = NO;
				CLANG_CXX_LANGUAGE_STANDARD = "gnu++0x";
				CLANG_CXX_LIBRARY = "libc++";
				CLANG_ENABLE_MODULES = YES;
				CLANG_ENABLE_OBJC_ARC = YES;
				CLANG_WARN_BOOL_CONVERSION = YES;
				CLANG_WARN_CONSTANT_CONVERSION = YES;
				CLANG_WARN_DIRECT_OBJC_ISA_USAGE = YES_ERROR;
				CLANG_WARN_EMPTY_BODY = YES;
				CLANG_WARN_ENUM_CONVERSION = YES;
				CLANG_WARN_INT_CONVERSION = YES;
				CLANG_WARN_OBJC_ROOT_CLASS = YES_ERROR;
				CLANG_WARN_UNREACHABLE_CODE = YES;
				CLANG_WARN__DUPLICATE_METHOD_MATCH = YES;
				"CODE_SIGN_IDENTITY[sdk=iphoneos*]" = "iPhone Developer";
				COPY_PHASE_STRIP = NO;
				DEBUG_INFORMATION_FORMAT = "dwarf-with-dsym";
				ENABLE_STRICT_OBJC_MSGSEND = YES;
				GCC_C_LANGUAGE_STANDARD = gnu99;
				GCC_DYNAMIC_NO_PIC = NO;
				GCC_NO_COMMON_BLOCKS = YES;
				GCC_OPTIMIZATION_LEVEL = 0;
				GCC_PREPROCESSOR_DEFINITIONS = (
					"DEBUG=1",
					"$(inherited)",
				);
				GCC_SYMBOLS_PRIVATE_EXTERN = NO;
				GCC_WARN_64_TO_32_BIT_CONVERSION = YES;
				GCC_WARN_ABOUT_RETURN_TYPE = YES_ERROR;
				GCC_WARN_UNDECLARED_SELECTOR = YES;
				GCC_WARN_UNINITIALIZED_AUTOS = YES_AGGRESSIVE;
				GCC_WARN_UNUSED_FUNCTION = YES;
				GCC_WARN_UNUSED_VARIABLE = YES;
				IPHONEOS_DEPLOYMENT_TARGET = 8.3;
				MTL_ENABLE_DEBUG_INFO = YES;
				ONLY_ACTIVE_ARCH = YES;
				SDKROOT = iphoneos;
				SWIFT_OPTIMIZATION_LEVEL = "-Onone";
				TARGETED_DEVICE_FAMILY = "1,2";
			};
			name = Debug;
		};
		4949026E1B4DF11800FD679D /* Release */ = {
			isa = XCBuildConfiguration;
			buildSettings = {
				ALWAYS_SEARCH_USER_PATHS = NO;
				CLANG_CXX_LANGUAGE_STANDARD = "gnu++0x";
				CLANG_CXX_LIBRARY = "libc++";
				CLANG_ENABLE_MODULES = YES;
				CLANG_ENABLE_OBJC_ARC = YES;
				CLANG_WARN_BOOL_CONVERSION = YES;
				CLANG_WARN_CONSTANT_CONVERSION = YES;
				CLANG_WARN_DIRECT_OBJC_ISA_USAGE = YES_ERROR;
				CLANG_WARN_EMPTY_BODY = YES;
				CLANG_WARN_ENUM_CONVERSION = YES;
				CLANG_WARN_INT_CONVERSION = YES;
				CLANG_WARN_OBJC_ROOT_CLASS = YES_ERROR;
				CLANG_WARN_UNREACHABLE_CODE = YES;
				CLANG_WARN__DUPLICATE_METHOD_MATCH = YES;
				"CODE_SIGN_IDENTITY[sdk=iphoneos*]" = "iPhone Developer";
				COPY_PHASE_STRIP = NO;
				DEBUG_INFORMATION_FORMAT = "dwarf-with-dsym";
				ENABLE_NS_ASSERTIONS = NO;
				ENABLE_STRICT_OBJC_MSGSEND = YES;
				GCC_C_LANGUAGE_STANDARD = gnu99;
				GCC_NO_COMMON_BLOCKS = YES;
				GCC_WARN_64_TO_32_BIT_CONVERSION = YES;
				GCC_WARN_ABOUT_RETURN_TYPE = YES_ERROR;
				GCC_WARN_UNDECLARED_SELECTOR = YES;
				GCC_WARN_UNINITIALIZED_AUTOS = YES_AGGRESSIVE;
				GCC_WARN_UNUSED_FUNCTION = YES;
				GCC_WARN_UNUSED_VARIABLE = YES;
				IPHONEOS_DEPLOYMENT_TARGET = 8.3;
				MTL_ENABLE_DEBUG_INFO = NO;
				SDKROOT = iphoneos;
				TARGETED_DEVICE_FAMILY = "1,2";
				VALIDATE_PRODUCT = YES;
			};
			name = Release;
		};
		494902701B4DF11800FD679D /* Debug */ = {
			isa = XCBuildConfiguration;
			buildSettings = {
				ASSETCATALOG_COMPILER_APPICON_NAME = AppIcon;
				INFOPLIST_FILE = Postcard/Info.plist;
				LD_RUNPATH_SEARCH_PATHS = "$(inherited) @executable_path/Frameworks";
				PRODUCT_NAME = "$(TARGET_NAME)";
			};
			name = Debug;
		};
		494902711B4DF11800FD679D /* Release */ = {
			isa = XCBuildConfiguration;
			buildSettings = {
				ASSETCATALOG_COMPILER_APPICON_NAME = AppIcon;
				INFOPLIST_FILE = Postcard/Info.plist;
				LD_RUNPATH_SEARCH_PATHS = "$(inherited) @executable_path/Frameworks";
				PRODUCT_NAME = "$(TARGET_NAME)";
			};
			name = Release;
		};
		494902731B4DF11800FD679D /* Debug */ = {
			isa = XCBuildConfiguration;
			buildSettings = {
				BUNDLE_LOADER = "$(TEST_HOST)";
				FRAMEWORK_SEARCH_PATHS = (
					"$(SDKROOT)/Developer/Library/Frameworks",
					"$(inherited)",
				);
				GCC_PREPROCESSOR_DEFINITIONS = (
					"DEBUG=1",
					"$(inherited)",
				);
				INFOPLIST_FILE = PostcardTests/Info.plist;
				LD_RUNPATH_SEARCH_PATHS = "$(inherited) @executable_path/Frameworks @loader_path/Frameworks";
				PRODUCT_NAME = "$(TARGET_NAME)";
				TEST_HOST = "$(BUILT_PRODUCTS_DIR)/Postcard.app/Postcard";
			};
			name = Debug;
		};
		494902741B4DF11800FD679D /* Release */ = {
			isa = XCBuildConfiguration;
			buildSettings = {
				BUNDLE_LOADER = "$(TEST_HOST)";
				FRAMEWORK_SEARCH_PATHS = (
					"$(SDKROOT)/Developer/Library/Frameworks",
					"$(inherited)",
				);
				INFOPLIST_FILE = PostcardTests/Info.plist;
				LD_RUNPATH_SEARCH_PATHS = "$(inherited) @executable_path/Frameworks @loader_path/Frameworks";
				PRODUCT_NAME = "$(TARGET_NAME)";
				TEST_HOST = "$(BUILT_PRODUCTS_DIR)/Postcard.app/Postcard";
			};
			name = Release;
		};
/* End XCBuildConfiguration section */

/* Begin XCConfigurationList section */
		4949024B1B4DF11700FD679D /* Build configuration list for PBXProject "Postcard" */ = {
			isa = XCConfigurationList;
			buildConfigurations = (
				4949026D1B4DF11800FD679D /* Debug */,
				4949026E1B4DF11800FD679D /* Release */,
			);
			defaultConfigurationIsVisible = 0;
			defaultConfigurationName = Release;
		};
		4949026F1B4DF11800FD679D /* Build configuration list for PBXNativeTarget "Postcard" */ = {
			isa = XCConfigurationList;
			buildConfigurations = (
				494902701B4DF11800FD679D /* Debug */,
				494902711B4DF11800FD679D /* Release */,
			);
			defaultConfigurationIsVisible = 0;
		};
		494902721B4DF11800FD679D /* Build configuration list for PBXNativeTarget "PostcardTests" */ = {
			isa = XCConfigurationList;
			buildConfigurations = (
				494902731B4DF11800FD679D /* Debug */,
				494902741B4DF11800FD679D /* Release */,
			);
			defaultConfigurationIsVisible = 0;
		};
/* End XCConfigurationList section */
	};
	rootObject = 494902481B4DF11700FD679D /* Project object */;
}
